// !$*UTF8*$!
{
	archiveVersion = 1;
	classes = {
	};
	objectVersion = 50;
	objects = {

/* Begin PBXBuildFile section */
		DEE585152302FE77003C3F75 /* AppDelegate.swift in Sources */ = {isa = PBXBuildFile; fileRef = DEE585142302FE77003C3F75 /* AppDelegate.swift */; };
		DEE585172302FE77003C3F75 /* SceneDelegate.swift in Sources */ = {isa = PBXBuildFile; fileRef = DEE585162302FE77003C3F75 /* SceneDelegate.swift */; };
		DEE585192302FE77003C3F75 /* ViewController.swift in Sources */ = {isa = PBXBuildFile; fileRef = DEE585182302FE77003C3F75 /* ViewController.swift */; };
		DEE5851C2302FE77003C3F75 /* Main.storyboard in Resources */ = {isa = PBXBuildFile; fileRef = DEE5851A2302FE77003C3F75 /* Main.storyboard */; };
		DEE5851E2302FE78003C3F75 /* Assets.xcassets in Resources */ = {isa = PBXBuildFile; fileRef = DEE5851D2302FE78003C3F75 /* Assets.xcassets */; };
		DEE585212302FE78003C3F75 /* LaunchScreen.storyboard in Resources */ = {isa = PBXBuildFile; fileRef = DEE5851F2302FE78003C3F75 /* LaunchScreen.storyboard */; };
		DEE585292302FEA1003C3F75 /* Input.swift in Sources */ = {isa = PBXBuildFile; fileRef = DEE585282302FEA1003C3F75 /* Input.swift */; };
		DEE5852E2303087B003C3F75 /* Output.m in Sources */ = {isa = PBXBuildFile; fileRef = DEE5852D2303087B003C3F75 /* Output.m */; };
		DEE58532230335D9003C3F75 /* Space6.jpg in Resources */ = {isa = PBXBuildFile; fileRef = DEE58531230335D9003C3F75 /* Space6.jpg */; };
		DEE58535230352DD003C3F75 /* MyOutputStream.m in Sources */ = {isa = PBXBuildFile; fileRef = DEE58534230352DD003C3F75 /* MyOutputStream.m */; };
/* End PBXBuildFile section */

/* Begin PBXFileReference section */
		DEE585112302FE77003C3F75 /* NSStream-GCD.app */ = {isa = PBXFileReference; explicitFileType = wrapper.application; includeInIndex = 0; path = "NSStream-GCD.app"; sourceTree = BUILT_PRODUCTS_DIR; };
		DEE585142302FE77003C3F75 /* AppDelegate.swift */ = {isa = PBXFileReference; lastKnownFileType = sourcecode.swift; path = AppDelegate.swift; sourceTree = "<group>"; };
		DEE585162302FE77003C3F75 /* SceneDelegate.swift */ = {isa = PBXFileReference; lastKnownFileType = sourcecode.swift; path = SceneDelegate.swift; sourceTree = "<group>"; };
		DEE585182302FE77003C3F75 /* ViewController.swift */ = {isa = PBXFileReference; lastKnownFileType = sourcecode.swift; path = ViewController.swift; sourceTree = "<group>"; };
		DEE5851B2302FE77003C3F75 /* Base */ = {isa = PBXFileReference; lastKnownFileType = file.storyboard; name = Base; path = Base.lproj/Main.storyboard; sourceTree = "<group>"; };
		DEE5851D2302FE78003C3F75 /* Assets.xcassets */ = {isa = PBXFileReference; lastKnownFileType = folder.assetcatalog; path = Assets.xcassets; sourceTree = "<group>"; };
		DEE585202302FE78003C3F75 /* Base */ = {isa = PBXFileReference; lastKnownFileType = file.storyboard; name = Base; path = Base.lproj/LaunchScreen.storyboard; sourceTree = "<group>"; };
		DEE585222302FE78003C3F75 /* Info.plist */ = {isa = PBXFileReference; lastKnownFileType = text.plist.xml; path = Info.plist; sourceTree = "<group>"; };
		DEE585282302FEA1003C3F75 /* Input.swift */ = {isa = PBXFileReference; lastKnownFileType = sourcecode.swift; path = Input.swift; sourceTree = "<group>"; };
		DEE5852A2303015B003C3F75 /* README.md */ = {isa = PBXFileReference; lastKnownFileType = net.daringfireball.markdown; name = README.md; path = ../README.md; sourceTree = "<group>"; };
		DEE5852B2303087A003C3F75 /* NSStream-GCD-Bridging-Header.h */ = {isa = PBXFileReference; lastKnownFileType = sourcecode.c.h; path = "NSStream-GCD-Bridging-Header.h"; sourceTree = "<group>"; };
		DEE5852C2303087B003C3F75 /* Output.h */ = {isa = PBXFileReference; lastKnownFileType = sourcecode.c.h; path = Output.h; sourceTree = "<group>"; };
		DEE5852D2303087B003C3F75 /* Output.m */ = {isa = PBXFileReference; lastKnownFileType = sourcecode.c.objc; path = Output.m; sourceTree = "<group>"; };
		DEE58531230335D9003C3F75 /* Space6.jpg */ = {isa = PBXFileReference; lastKnownFileType = image.jpeg; path = Space6.jpg; sourceTree = "<group>"; };
		DEE58533230352DD003C3F75 /* MyOutputStream.h */ = {isa = PBXFileReference; lastKnownFileType = sourcecode.c.h; path = MyOutputStream.h; sourceTree = "<group>"; };
		DEE58534230352DD003C3F75 /* MyOutputStream.m */ = {isa = PBXFileReference; lastKnownFileType = sourcecode.c.objc; path = MyOutputStream.m; sourceTree = "<group>"; };
/* End PBXFileReference section */

/* Begin PBXFrameworksBuildPhase section */
		DEE5850E2302FE77003C3F75 /* Frameworks */ = {
			isa = PBXFrameworksBuildPhase;
			buildActionMask = 2147483647;
			files = (
			);
			runOnlyForDeploymentPostprocessing = 0;
		};
/* End PBXFrameworksBuildPhase section */

/* Begin PBXGroup section */
		DEE585082302FE77003C3F75 = {
			isa = PBXGroup;
			children = (
				DEE5852A2303015B003C3F75 /* README.md */,
				DEE585132302FE77003C3F75 /* NSStream-GCD */,
				DEE585122302FE77003C3F75 /* Products */,
			);
			sourceTree = "<group>";
		};
		DEE585122302FE77003C3F75 /* Products */ = {
			isa = PBXGroup;
			children = (
				DEE585112302FE77003C3F75 /* NSStream-GCD.app */,
			);
			name = Products;
			sourceTree = "<group>";
		};
		DEE585132302FE77003C3F75 /* NSStream-GCD */ = {
			isa = PBXGroup;
			children = (
				DEE58531230335D9003C3F75 /* Space6.jpg */,
				DEE585142302FE77003C3F75 /* AppDelegate.swift */,
				DEE585162302FE77003C3F75 /* SceneDelegate.swift */,
				DEE585182302FE77003C3F75 /* ViewController.swift */,
				DEE5851A2302FE77003C3F75 /* Main.storyboard */,
				DEE5851D2302FE78003C3F75 /* Assets.xcassets */,
				DEE5851F2302FE78003C3F75 /* LaunchScreen.storyboard */,
				DEE585222302FE78003C3F75 /* Info.plist */,
				DEE585282302FEA1003C3F75 /* Input.swift */,
				DEE5852C2303087B003C3F75 /* Output.h */,
				DEE5852D2303087B003C3F75 /* Output.m */,
				DEE58533230352DD003C3F75 /* MyOutputStream.h */,
				DEE58534230352DD003C3F75 /* MyOutputStream.m */,
				DEE5852B2303087A003C3F75 /* NSStream-GCD-Bridging-Header.h */,
			);
			path = "NSStream-GCD";
			sourceTree = "<group>";
		};
/* End PBXGroup section */

/* Begin PBXNativeTarget section */
		DEE585102302FE77003C3F75 /* NSStream-GCD */ = {
			isa = PBXNativeTarget;
			buildConfigurationList = DEE585252302FE78003C3F75 /* Build configuration list for PBXNativeTarget "NSStream-GCD" */;
			buildPhases = (
				DEE5850D2302FE77003C3F75 /* Sources */,
				DEE5850E2302FE77003C3F75 /* Frameworks */,
				DEE5850F2302FE77003C3F75 /* Resources */,
			);
			buildRules = (
			);
			dependencies = (
			);
			name = "NSStream-GCD";
			productName = "NSStream-GCD";
			productReference = DEE585112302FE77003C3F75 /* NSStream-GCD.app */;
			productType = "com.apple.product-type.application";
		};
/* End PBXNativeTarget section */

/* Begin PBXProject section */
		DEE585092302FE77003C3F75 /* Project object */ = {
			isa = PBXProject;
			attributes = {
				LastSwiftUpdateCheck = 1100;
				LastUpgradeCheck = 1100;
				ORGANIZATIONNAME = Self;
				TargetAttributes = {
					DEE585102302FE77003C3F75 = {
						CreatedOnToolsVersion = 11.0;
						LastSwiftMigration = 1100;
					};
				};
			};
			buildConfigurationList = DEE5850C2302FE77003C3F75 /* Build configuration list for PBXProject "NSStream-GCD" */;
			compatibilityVersion = "Xcode 9.3";
			developmentRegion = en;
			hasScannedForEncodings = 0;
			knownRegions = (
				en,
				Base,
			);
			mainGroup = DEE585082302FE77003C3F75;
			productRefGroup = DEE585122302FE77003C3F75 /* Products */;
			projectDirPath = "";
			projectRoot = "";
			targets = (
				DEE585102302FE77003C3F75 /* NSStream-GCD */,
			);
		};
/* End PBXProject section */

/* Begin PBXResourcesBuildPhase section */
		DEE5850F2302FE77003C3F75 /* Resources */ = {
			isa = PBXResourcesBuildPhase;
			buildActionMask = 2147483647;
			files = (
				DEE585212302FE78003C3F75 /* LaunchScreen.storyboard in Resources */,
				DEE5851E2302FE78003C3F75 /* Assets.xcassets in Resources */,
				DEE5851C2302FE77003C3F75 /* Main.storyboard in Resources */,
				DEE58532230335D9003C3F75 /* Space6.jpg in Resources */,
			);
			runOnlyForDeploymentPostprocessing = 0;
		};
/* End PBXResourcesBuildPhase section */

/* Begin PBXSourcesBuildPhase section */
		DEE5850D2302FE77003C3F75 /* Sources */ = {
			isa = PBXSourcesBuildPhase;
			buildActionMask = 2147483647;
			files = (
				DEE585292302FEA1003C3F75 /* Input.swift in Sources */,
				DEE5852E2303087B003C3F75 /* Output.m in Sources */,
				DEE585192302FE77003C3F75 /* ViewController.swift in Sources */,
				DEE58535230352DD003C3F75 /* MyOutputStream.m in Sources */,
				DEE585152302FE77003C3F75 /* AppDelegate.swift in Sources */,
				DEE585172302FE77003C3F75 /* SceneDelegate.swift in Sources */,
			);
			runOnlyForDeploymentPostprocessing = 0;
		};
/* End PBXSourcesBuildPhase section */

/* Begin PBXVariantGroup section */
		DEE5851A2302FE77003C3F75 /* Main.storyboard */ = {
			isa = PBXVariantGroup;
			children = (
				DEE5851B2302FE77003C3F75 /* Base */,
			);
			name = Main.storyboard;
			sourceTree = "<group>";
		};
		DEE5851F2302FE78003C3F75 /* LaunchScreen.storyboard */ = {
			isa = PBXVariantGroup;
			children = (
				DEE585202302FE78003C3F75 /* Base */,
			);
			name = LaunchScreen.storyboard;
			sourceTree = "<group>";
		};
/* End PBXVariantGroup section */

/* Begin XCBuildConfiguration section */
		DEE585232302FE78003C3F75 /* Debug */ = {
			isa = XCBuildConfiguration;
			buildSettings = {
				ALWAYS_SEARCH_USER_PATHS = NO;
				CLANG_ANALYZER_NONNULL = YES;
				CLANG_ANALYZER_NUMBER_OBJECT_CONVERSION = YES_AGGRESSIVE;
				CLANG_CXX_LANGUAGE_STANDARD = "gnu++14";
				CLANG_CXX_LIBRARY = "libc++";
				CLANG_ENABLE_MODULES = YES;
				CLANG_ENABLE_OBJC_ARC = YES;
				CLANG_ENABLE_OBJC_WEAK = YES;
				CLANG_WARN_BLOCK_CAPTURE_AUTORELEASING = YES;
				CLANG_WARN_BOOL_CONVERSION = YES;
				CLANG_WARN_COMMA = YES;
				CLANG_WARN_CONSTANT_CONVERSION = YES;
				CLANG_WARN_DEPRECATED_OBJC_IMPLEMENTATIONS = YES;
				CLANG_WARN_DIRECT_OBJC_ISA_USAGE = YES_ERROR;
				CLANG_WARN_DOCUMENTATION_COMMENTS = YES;
				CLANG_WARN_EMPTY_BODY = YES;
				CLANG_WARN_ENUM_CONVERSION = YES;
				CLANG_WARN_INFINITE_RECURSION = YES;
				CLANG_WARN_INT_CONVERSION = YES;
				CLANG_WARN_NON_LITERAL_NULL_CONVERSION = YES;
				CLANG_WARN_OBJC_IMPLICIT_RETAIN_SELF = YES;
				CLANG_WARN_OBJC_LITERAL_CONVERSION = YES;
				CLANG_WARN_OBJC_ROOT_CLASS = YES_ERROR;
				CLANG_WARN_RANGE_LOOP_ANALYSIS = YES;
				CLANG_WARN_STRICT_PROTOTYPES = YES;
				CLANG_WARN_SUSPICIOUS_MOVE = YES;
				CLANG_WARN_UNGUARDED_AVAILABILITY = YES_AGGRESSIVE;
				CLANG_WARN_UNREACHABLE_CODE = YES;
				CLANG_WARN__DUPLICATE_METHOD_MATCH = YES;
				COPY_PHASE_STRIP = NO;
				DEBUG_INFORMATION_FORMAT = dwarf;
				ENABLE_STRICT_OBJC_MSGSEND = YES;
				ENABLE_TESTABILITY = YES;
				GCC_C_LANGUAGE_STANDARD = gnu11;
				GCC_DYNAMIC_NO_PIC = NO;
				GCC_NO_COMMON_BLOCKS = YES;
				GCC_OPTIMIZATION_LEVEL = 0;
				GCC_PREPROCESSOR_DEFINITIONS = (
					"DEBUG=1",
					"$(inherited)",
				);
				GCC_WARN_64_TO_32_BIT_CONVERSION = YES;
				GCC_WARN_ABOUT_RETURN_TYPE = YES_ERROR;
				GCC_WARN_UNDECLARED_SELECTOR = YES;
				GCC_WARN_UNINITIALIZED_AUTOS = YES_AGGRESSIVE;
				GCC_WARN_UNUSED_FUNCTION = YES;
				GCC_WARN_UNUSED_VARIABLE = YES;
				IPHONEOS_DEPLOYMENT_TARGET = 13.0;
				MTL_ENABLE_DEBUG_INFO = INCLUDE_SOURCE;
				MTL_FAST_MATH = YES;
				ONLY_ACTIVE_ARCH = YES;
				SDKROOT = iphoneos;
				SWIFT_ACTIVE_COMPILATION_CONDITIONS = DEBUG;
				SWIFT_OPTIMIZATION_LEVEL = "-Onone";
			};
			name = Debug;
		};
		DEE585242302FE78003C3F75 /* Release */ = {
			isa = XCBuildConfiguration;
			buildSettings = {
				ALWAYS_SEARCH_USER_PATHS = NO;
				CLANG_ANALYZER_NONNULL = YES;
				CLANG_ANALYZER_NUMBER_OBJECT_CONVERSION = YES_AGGRESSIVE;
				CLANG_CXX_LANGUAGE_STANDARD = "gnu++14";
				CLANG_CXX_LIBRARY = "libc++";
				CLANG_ENABLE_MODULES = YES;
				CLANG_ENABLE_OBJC_ARC = YES;
				CLANG_ENABLE_OBJC_WEAK = YES;
				CLANG_WARN_BLOCK_CAPTURE_AUTORELEASING = YES;
				CLANG_WARN_BOOL_CONVERSION = YES;
				CLANG_WARN_COMMA = YES;
				CLANG_WARN_CONSTANT_CONVERSION = YES;
				CLANG_WARN_DEPRECATED_OBJC_IMPLEMENTATIONS = YES;
				CLANG_WARN_DIRECT_OBJC_ISA_USAGE = YES_ERROR;
				CLANG_WARN_DOCUMENTATION_COMMENTS = YES;
				CLANG_WARN_EMPTY_BODY = YES;
				CLANG_WARN_ENUM_CONVERSION = YES;
				CLANG_WARN_INFINITE_RECURSION = YES;
				CLANG_WARN_INT_CONVERSION = YES;
				CLANG_WARN_NON_LITERAL_NULL_CONVERSION = YES;
				CLANG_WARN_OBJC_IMPLICIT_RETAIN_SELF = YES;
				CLANG_WARN_OBJC_LITERAL_CONVERSION = YES;
				CLANG_WARN_OBJC_ROOT_CLASS = YES_ERROR;
				CLANG_WARN_RANGE_LOOP_ANALYSIS = YES;
				CLANG_WARN_STRICT_PROTOTYPES = YES;
				CLANG_WARN_SUSPICIOUS_MOVE = YES;
				CLANG_WARN_UNGUARDED_AVAILABILITY = YES_AGGRESSIVE;
				CLANG_WARN_UNREACHABLE_CODE = YES;
				CLANG_WARN__DUPLICATE_METHOD_MATCH = YES;
				COPY_PHASE_STRIP = NO;
				DEBUG_INFORMATION_FORMAT = "dwarf-with-dsym";
				ENABLE_NS_ASSERTIONS = NO;
				ENABLE_STRICT_OBJC_MSGSEND = YES;
				GCC_C_LANGUAGE_STANDARD = gnu11;
				GCC_NO_COMMON_BLOCKS = YES;
				GCC_WARN_64_TO_32_BIT_CONVERSION = YES;
				GCC_WARN_ABOUT_RETURN_TYPE = YES_ERROR;
				GCC_WARN_UNDECLARED_SELECTOR = YES;
				GCC_WARN_UNINITIALIZED_AUTOS = YES_AGGRESSIVE;
				GCC_WARN_UNUSED_FUNCTION = YES;
				GCC_WARN_UNUSED_VARIABLE = YES;
				IPHONEOS_DEPLOYMENT_TARGET = 13.0;
				MTL_ENABLE_DEBUG_INFO = NO;
				MTL_FAST_MATH = YES;
				SDKROOT = iphoneos;
				SWIFT_COMPILATION_MODE = wholemodule;
				SWIFT_OPTIMIZATION_LEVEL = "-O";
				VALIDATE_PRODUCT = YES;
			};
			name = Release;
		};
		DEE585262302FE78003C3F75 /* Debug */ = {
			isa = XCBuildConfiguration;
			buildSettings = {
				ASSETCATALOG_COMPILER_APPICON_NAME = AppIcon;
				CLANG_ENABLE_MODULES = YES;
				CODE_SIGN_STYLE = Automatic;
				DEVELOPMENT_TEAM = 748Z47NBAH;
				INFOPLIST_FILE = "NSStream-GCD/Info.plist";
				LD_RUNPATH_SEARCH_PATHS = (
					"$(inherited)",
					"@executable_path/Frameworks",
				);
				PRODUCT_BUNDLE_IDENTIFIER = "com.self.NSStream-GCD";
				PRODUCT_NAME = "$(TARGET_NAME)";
				SWIFT_OBJC_BRIDGING_HEADER = "NSStream-GCD/NSStream-GCD-Bridging-Header.h";
				SWIFT_OPTIMIZATION_LEVEL = "-Onone";
				SWIFT_VERSION = 5.0;
				TARGETED_DEVICE_FAMILY = "1,2";
			};
			name = Debug;
		};
		DEE585272302FE78003C3F75 /* Release */ = {
			isa = XCBuildConfiguration;
			buildSettings = {
				ASSETCATALOG_COMPILER_APPICON_NAME = AppIcon;
				CLANG_ENABLE_MODULES = YES;
				CODE_SIGN_STYLE = Automatic;
				DEVELOPMENT_TEAM = 748Z47NBAH;
				INFOPLIST_FILE = "NSStream-GCD/Info.plist";
				LD_RUNPATH_SEARCH_PATHS = (
					"$(inherited)",
					"@executable_path/Frameworks",
				);
				PRODUCT_BUNDLE_IDENTIFIER = "com.self.NSStream-GCD";
				PRODUCT_NAME = "$(TARGET_NAME)";
				SWIFT_OBJC_BRIDGING_HEADER = "NSStream-GCD/NSStream-GCD-Bridging-Header.h";
				SWIFT_VERSION = 5.0;
				TARGETED_DEVICE_FAMILY = "1,2";
			};
			name = Release;
		};
/* End XCBuildConfiguration section */

/* Begin XCConfigurationList section */
		DEE5850C2302FE77003C3F75 /* Build configuration list for PBXProject "NSStream-GCD" */ = {
			isa = XCConfigurationList;
			buildConfigurations = (
				DEE585232302FE78003C3F75 /* Debug */,
				DEE585242302FE78003C3F75 /* Release */,
			);
			defaultConfigurationIsVisible = 0;
			defaultConfigurationName = Release;
		};
		DEE585252302FE78003C3F75 /* Build configuration list for PBXNativeTarget "NSStream-GCD" */ = {
			isa = XCConfigurationList;
			buildConfigurations = (
				DEE585262302FE78003C3F75 /* Debug */,
				DEE585272302FE78003C3F75 /* Release */,
			);
			defaultConfigurationIsVisible = 0;
			defaultConfigurationName = Release;
		};
/* End XCConfigurationList section */
	};
	rootObject = DEE585092302FE77003C3F75 /* Project object */;
}
